# This file is automatically @generated by Cargo.
# It is not intended for manual editing.
version = 4

[[package]]
name = "bateri"
version = "0.1.0"
dependencies = [
 "bt-shell",
]

[[package]]
name = "bt-atlas"
version = "0.1.0"

[[package]]
name = "bt-core"
version = "0.1.0"

[[package]]
name = "bt-gpu"
version = "0.1.0"
dependencies = [
 "bt-atlas",
 "bt-core",
]

[[package]]
name = "bt-shell"
version = "0.1.0"
dependencies = [
 "bt-gpu",
]
